
Microsoft Visual Studio Solution File, Format Version 12.00
# Visual Studio Version 17
VisualStudioVersion = 17.0.31903.59
MinimumVisualStudioVersion = 10.0.40219.1
Project("{2150E333-8FDC-42A3-9474-1A3956D46DE8}") = "src", "src", "{827E0CD3-B72D-47B6-A68D-7590B98EB39B}"
EndProject
Project("{FAE04EC0-301F-11D3-BF4B-00C04F79EFBC}") = "DBManager.AppHost", "src\DBManager.AppHost\DBManager.AppHost.csproj", "{C1C32FF3-ECD3-406B-9F59-03EB0C84283E}"
EndProject
Project("{FAE04EC0-301F-11D3-BF4B-00C04F79EFBC}") = "DBManager.Core", "src\DBManager.Core\DBManager.Core.csproj", "{C14EC148-30AD-4E86-AC22-F74C436DEC4F}"
EndProject
Project("{FAE04EC0-301F-11D3-BF4B-00C04F79EFBC}") = "DBManager.Data", "src\DBManager.Data\DBManager.Data.csproj", "{77BD39A7-8188-40F6-BBBC-1382C44DD359}"
EndProject
Project("{FAE04EC0-301F-11D3-BF4B-00C04F79EFBC}") = "DBManager.MCP", "src\DBManager.MCP\DBManager.MCP.csproj", "{BC37F57D-FE91-428C-99AA-14406AA2139C}"
EndProject
Global
	GlobalSection(SolutionConfigurationPlatforms) = preSolution
		Debug|Any CPU = Debug|Any CPU
		Debug|x64 = Debug|x64
		Debug|x86 = Debug|x86
		Release|Any CPU = Release|Any CPU
		Release|x64 = Release|x64
		Release|x86 = Release|x86
	EndGlobalSection
	GlobalSection(ProjectConfigurationPlatforms) = postSolution
		{C1C32FF3-ECD3-406B-9F59-03EB0C84283E}.Debug|Any CPU.ActiveCfg = Debug|Any CPU
		{C1C32FF3-ECD3-406B-9F59-03EB0C84283E}.Debug|Any CPU.Build.0 = Debug|Any CPU
		{C1C32FF3-ECD3-406B-9F59-03EB0C84283E}.Debug|x64.ActiveCfg = Debug|Any CPU
		{C1C32FF3-ECD3-406B-9F59-03EB0C84283E}.Debug|x64.Build.0 = Debug|Any CPU
		{C1C32FF3-ECD3-406B-9F59-03EB0C84283E}.Debug|x86.ActiveCfg = Debug|Any CPU
		{C1C32FF3-ECD3-406B-9F59-03EB0C84283E}.Debug|x86.Build.0 = Debug|Any CPU
		{C1C32FF3-ECD3-406B-9F59-03EB0C84283E}.Release|Any CPU.ActiveCfg = Release|Any CPU
		{C1C32FF3-ECD3-406B-9F59-03EB0C84283E}.Release|Any CPU.Build.0 = Release|Any CPU
		{C1C32FF3-ECD3-406B-9F59-03EB0C84283E}.Release|x64.ActiveCfg = Release|Any CPU
		{C1C32FF3-ECD3-406B-9F59-03EB0C84283E}.Release|x64.Build.0 = Release|Any CPU
		{C1C32FF3-ECD3-406B-9F59-03EB0C84283E}.Release|x86.ActiveCfg = Release|Any CPU
		{C1C32FF3-ECD3-406B-9F59-03EB0C84283E}.Release|x86.Build.0 = Release|Any CPU
		{C14EC148-30AD-4E86-AC22-F74C436DEC4F}.Debug|Any CPU.ActiveCfg = Debug|Any CPU
		{C14EC148-30AD-4E86-AC22-F74C436DEC4F}.Debug|Any CPU.Build.0 = Debug|Any CPU
		{C14EC148-30AD-4E86-AC22-F74C436DEC4F}.Debug|x64.ActiveCfg = Debug|Any CPU
		{C14EC148-30AD-4E86-AC22-F74C436DEC4F}.Debug|x64.Build.0 = Debug|Any CPU
		{C14EC148-30AD-4E86-AC22-F74C436DEC4F}.Debug|x86.ActiveCfg = Debug|Any CPU
		{C14EC148-30AD-4E86-AC22-F74C436DEC4F}.Debug|x86.Build.0 = Debug|Any CPU
		{C14EC148-30AD-4E86-AC22-F74C436DEC4F}.Release|Any CPU.ActiveCfg = Release|Any CPU
		{C14EC148-30AD-4E86-AC22-F74C436DEC4F}.Release|Any CPU.Build.0 = Release|Any CPU
		{C14EC148-30AD-4E86-AC22-F74C436DEC4F}.Release|x64.ActiveCfg = Release|Any CPU
		{C14EC148-30AD-4E86-AC22-F74C436DEC4F}.Release|x64.Build.0 = Release|Any CPU
		{C14EC148-30AD-4E86-AC22-F74C436DEC4F}.Release|x86.ActiveCfg = Release|Any CPU
		{C14EC148-30AD-4E86-AC22-F74C436DEC4F}.Release|x86.Build.0 = Release|Any CPU
		{77BD39A7-8188-40F6-BBBC-1382C44DD359}.Debug|Any CPU.ActiveCfg = Debug|Any CPU
		{77BD39A7-8188-40F6-BBBC-1382C44DD359}.Debug|Any CPU.Build.0 = Debug|Any CPU
		{77BD39A7-8188-40F6-BBBC-1382C44DD359}.Debug|x64.ActiveCfg = Debug|Any CPU
		{77BD39A7-8188-40F6-BBBC-1382C44DD359}.Debug|x64.Build.0 = Debug|Any CPU
		{77BD39A7-8188-40F6-BBBC-1382C44DD359}.Debug|x86.ActiveCfg = Debug|Any CPU
		{77BD39A7-8188-40F6-BBBC-1382C44DD359}.Debug|x86.Build.0 = Debug|Any CPU
		{77BD39A7-8188-40F6-BBBC-1382C44DD359}.Release|Any CPU.ActiveCfg = Release|Any CPU
		{77BD39A7-8188-40F6-BBBC-1382C44DD359}.Release|Any CPU.Build.0 = Release|Any CPU
		{77BD39A7-8188-40F6-BBBC-1382C44DD359}.Release|x64.ActiveCfg = Release|Any CPU
		{77BD39A7-8188-40F6-BBBC-1382C44DD359}.Release|x64.Build.0 = Release|Any CPU
		{77BD39A7-8188-40F6-BBBC-1382C44DD359}.Release|x86.ActiveCfg = Release|Any CPU
		{77BD39A7-8188-40F6-BBBC-1382C44DD359}.Release|x86.Build.0 = Release|Any CPU
		{BC37F57D-FE91-428C-99AA-14406AA2139C}.Debug|Any CPU.ActiveCfg = Debug|Any CPU
		{BC37F57D-FE91-428C-99AA-14406AA2139C}.Debug|Any CPU.Build.0 = Debug|Any CPU
		{BC37F57D-FE91-428C-99AA-14406AA2139C}.Debug|x64.ActiveCfg = Debug|Any CPU
		{BC37F57D-FE91-428C-99AA-14406AA2139C}.Debug|x64.Build.0 = Debug|Any CPU
		{BC37F57D-FE91-428C-99AA-14406AA2139C}.Debug|x86.ActiveCfg = Debug|Any CPU
		{BC37F57D-FE91-428C-99AA-14406AA2139C}.Debug|x86.Build.0 = Debug|Any CPU
		{BC37F57D-FE91-428C-99AA-14406AA2139C}.Release|Any CPU.ActiveCfg = Release|Any CPU
		{BC37F57D-FE91-428C-99AA-14406AA2139C}.Release|Any CPU.Build.0 = Release|Any CPU
		{BC37F57D-FE91-428C-99AA-14406AA2139C}.Release|x64.ActiveCfg = Release|Any CPU
		{BC37F57D-FE91-428C-99AA-14406AA2139C}.Release|x64.Build.0 = Release|Any CPU
		{BC37F57D-FE91-428C-99AA-14406AA2139C}.Release|x86.ActiveCfg = Release|Any CPU
		{BC37F57D-FE91-428C-99AA-14406AA2139C}.Release|x86.Build.0 = Release|Any CPU
	EndGlobalSection
	GlobalSection(SolutionProperties) = preSolution
		HideSolutionNode = FALSE
	EndGlobalSection
	GlobalSection(NestedProjects) = preSolution
		{C1C32FF3-ECD3-406B-9F59-03EB0C84283E} = {827E0CD3-B72D-47B6-A68D-7590B98EB39B}
		{C14EC148-30AD-4E86-AC22-F74C436DEC4F} = {827E0CD3-B72D-47B6-A68D-7590B98EB39B}
		{77BD39A7-8188-40F6-BBBC-1382C44DD359} = {827E0CD3-B72D-47B6-A68D-7590B98EB39B}
		{BC37F57D-FE91-428C-99AA-14406AA2139C} = {827E0CD3-B72D-47B6-A68D-7590B98EB39B}
	EndGlobalSection
EndGlobal
